// !$*UTF8*$!
{
	archiveVersion = 1;
	classes = {
	};
	objectVersion = 50;
	objects = {

/* Begin PBXBuildFile section */
		069654D42476AA2F002E1B46 /* AppDelegate.swift in Sources */ = {isa = PBXBuildFile; fileRef = 069654D32476AA2F002E1B46 /* AppDelegate.swift */; };
		069654D62476AA2F002E1B46 /* SceneDelegate.swift in Sources */ = {isa = PBXBuildFile; fileRef = 069654D52476AA2F002E1B46 /* SceneDelegate.swift */; };
		069654D82476AA30002E1B46 /* ViewController.swift in Sources */ = {isa = PBXBuildFile; fileRef = 069654D72476AA2F002E1B46 /* ViewController.swift */; };
		069654DB2476AA30002E1B46 /* Main.storyboard in Resources */ = {isa = PBXBuildFile; fileRef = 069654D92476AA30002E1B46 /* Main.storyboard */; };
		069654DE2476AA30002E1B46 /* Davaleba26.xcdatamodeld in Sources */ = {isa = PBXBuildFile; fileRef = 069654DC2476AA30002E1B46 /* Davaleba26.xcdatamodeld */; };
		069654E02476AA60002E1B46 /* Assets.xcassets in Resources */ = {isa = PBXBuildFile; fileRef = 069654DF2476AA60002E1B46 /* Assets.xcassets */; };
		069654E32476AA60002E1B46 /* LaunchScreen.storyboard in Resources */ = {isa = PBXBuildFile; fileRef = 069654E12476AA60002E1B46 /* LaunchScreen.storyboard */; };
		069654EB2476B7E5002E1B46 /* ViewC2.swift in Sources */ = {isa = PBXBuildFile; fileRef = 069654EA2476B7E5002E1B46 /* ViewC2.swift */; };
/* End PBXBuildFile section */

/* Begin PBXFileReference section */
		069654D02476AA2F002E1B46 /* Davaleba26.app */ = {isa = PBXFileReference; explicitFileType = wrapper.application; includeInIndex = 0; path = Davaleba26.app; sourceTree = BUILT_PRODUCTS_DIR; };
		069654D32476AA2F002E1B46 /* AppDelegate.swift */ = {isa = PBXFileReference; lastKnownFileType = sourcecode.swift; path = AppDelegate.swift; sourceTree = "<group>"; };
		069654D52476AA2F002E1B46 /* SceneDelegate.swift */ = {isa = PBXFileReference; lastKnownFileType = sourcecode.swift; path = SceneDelegate.swift; sourceTree = "<group>"; };
		069654D72476AA2F002E1B46 /* ViewController.swift */ = {isa = PBXFileReference; lastKnownFileType = sourcecode.swift; path = ViewController.swift; sourceTree = "<group>"; };
		069654DA2476AA30002E1B46 /* Base */ = {isa = PBXFileReference; lastKnownFileType = file.storyboard; name = Base; path = Base.lproj/Main.storyboard; sourceTree = "<group>"; };
		069654DD2476AA30002E1B46 /* Davaleba26.xcdatamodel */ = {isa = PBXFileReference; lastKnownFileType = wrapper.xcdatamodel; path = Davaleba26.xcdatamodel; sourceTree = "<group>"; };
		069654DF2476AA60002E1B46 /* Assets.xcassets */ = {isa = PBXFileReference; lastKnownFileType = folder.assetcatalog; path = Assets.xcassets; sourceTree = "<group>"; };
		069654E22476AA60002E1B46 /* Base */ = {isa = PBXFileReference; lastKnownFileType = file.storyboard; name = Base; path = Base.lproj/LaunchScreen.storyboard; sourceTree = "<group>"; };
		069654E42476AA60002E1B46 /* Info.plist */ = {isa = PBXFileReference; lastKnownFileType = text.plist.xml; path = Info.plist; sourceTree = "<group>"; };
		069654EA2476B7E5002E1B46 /* ViewC2.swift */ = {isa = PBXFileReference; lastKnownFileType = sourcecode.swift; path = ViewC2.swift; sourceTree = "<group>"; };
/* End PBXFileReference section */

/* Begin PBXFrameworksBuildPhase section */
		069654CD2476AA2E002E1B46 /* Frameworks */ = {
			isa = PBXFrameworksBuildPhase;
			buildActionMask = 2147483647;
			files = (
			);
			runOnlyForDeploymentPostprocessing = 0;
		};
/* End PBXFrameworksBuildPhase section */

/* Begin PBXGroup section */
		069654C72476AA2E002E1B46 = {
			isa = PBXGroup;
			children = (
				069654D22476AA2F002E1B46 /* Davaleba26 */,
				069654D12476AA2F002E1B46 /* Products */,
			);
			sourceTree = "<group>";
		};
		069654D12476AA2F002E1B46 /* Products */ = {
			isa = PBXGroup;
			children = (
				069654D02476AA2F002E1B46 /* Davaleba26.app */,
			);
			name = Products;
			sourceTree = "<group>";
		};
		069654D22476AA2F002E1B46 /* Davaleba26 */ = {
			isa = PBXGroup;
			children = (
				069654D32476AA2F002E1B46 /* AppDelegate.swift */,
				069654D52476AA2F002E1B46 /* SceneDelegate.swift */,
				069654DF2476AA60002E1B46 /* Assets.xcassets */,
				069654E12476AA60002E1B46 /* LaunchScreen.storyboard */,
				069654E42476AA60002E1B46 /* Info.plist */,
				069654DC2476AA30002E1B46 /* Davaleba26.xcdatamodeld */,
				069654D92476AA30002E1B46 /* Main.storyboard */,
				069654D72476AA2F002E1B46 /* ViewController.swift */,
				069654EA2476B7E5002E1B46 /* ViewC2.swift */,
			);
			path = Davaleba26;
			sourceTree = "<group>";
		};
/* End PBXGroup section */

/* Begin PBXNativeTarget section */
		069654CF2476AA2E002E1B46 /* Davaleba26 */ = {
			isa = PBXNativeTarget;
			buildConfigurationList = 069654E72476AA60002E1B46 /* Build configuration list for PBXNativeTarget "Davaleba26" */;
			buildPhases = (
				069654CC2476AA2E002E1B46 /* Sources */,
				069654CD2476AA2E002E1B46 /* Frameworks */,
				069654CE2476AA2E002E1B46 /* Resources */,
			);
			buildRules = (
			);
			dependencies = (
			);
			name = Davaleba26;
			productName = Davaleba26;
			productReference = 069654D02476AA2F002E1B46 /* Davaleba26.app */;
			productType = "com.apple.product-type.application";
		};
/* End PBXNativeTarget section */

/* Begin PBXProject section */
		069654C82476AA2E002E1B46 /* Project object */ = {
			isa = PBXProject;
			attributes = {
				LastSwiftUpdateCheck = 1140;
				LastUpgradeCheck = 1140;
				ORGANIZATIONNAME = homework;
				TargetAttributes = {
					069654CF2476AA2E002E1B46 = {
						CreatedOnToolsVersion = 11.4.1;
					};
				};
			};
			buildConfigurationList = 069654CB2476AA2E002E1B46 /* Build configuration list for PBXProject "Davaleba26" */;
			compatibilityVersion = "Xcode 9.3";
			developmentRegion = en;
			hasScannedForEncodings = 0;
			knownRegions = (
				en,
				Base,
			);
			mainGroup = 069654C72476AA2E002E1B46;
			productRefGroup = 069654D12476AA2F002E1B46 /* Products */;
			projectDirPath = "";
			projectRoot = "";
			targets = (
				069654CF2476AA2E002E1B46 /* Davaleba26 */,
			);
		};
/* End PBXProject section */

/* Begin PBXResourcesBuildPhase section */
		069654CE2476AA2E002E1B46 /* Resources */ = {
			isa = PBXResourcesBuildPhase;
			buildActionMask = 2147483647;
			files = (
				069654E32476AA60002E1B46 /* LaunchScreen.storyboard in Resources */,
				069654E02476AA60002E1B46 /* Assets.xcassets in Resources */,
				069654DB2476AA30002E1B46 /* Main.storyboard in Resources */,
			);
			runOnlyForDeploymentPostprocessing = 0;
		};
/* End PBXResourcesBuildPhase section */

/* Begin PBXSourcesBuildPhase section */
		069654CC2476AA2E002E1B46 /* Sources */ = {
			isa = PBXSourcesBuildPhase;
			buildActionMask = 2147483647;
			files = (
				069654D82476AA30002E1B46 /* ViewController.swift in Sources */,
				069654EB2476B7E5002E1B46 /* ViewC2.swift in Sources */,
				069654D42476AA2F002E1B46 /* AppDelegate.swift in Sources */,
				069654D62476AA2F002E1B46 /* SceneDelegate.swift in Sources */,
				069654DE2476AA30002E1B46 /* Davaleba26.xcdatamodeld in Sources */,
			);
			runOnlyForDeploymentPostprocessing = 0;
		};
/* End PBXSourcesBuildPhase section */

/* Begin PBXVariantGroup section */
		069654D92476AA30002E1B46 /* Main.storyboard */ = {
			isa = PBXVariantGroup;
			children = (
				069654DA2476AA30002E1B46 /* Base */,
			);
			name = Main.storyboard;
			sourceTree = "<group>";
		};
		069654E12476AA60002E1B46 /* LaunchScreen.storyboard */ = {
			isa = PBXVariantGroup;
			children = (
				069654E22476AA60002E1B46 /* Base */,
			);
			name = LaunchScreen.storyboard;
			sourceTree = "<group>";
		};
/* End PBXVariantGroup section */

/* Begin XCBuildConfiguration section */
		069654E52476AA60002E1B46 /* Debug */ = {
			isa = XCBuildConfiguration;
			buildSettings = {
				ALWAYS_SEARCH_USER_PATHS = NO;
				CLANG_ANALYZER_NONNULL = YES;
				CLANG_ANALYZER_NUMBER_OBJECT_CONVERSION = YES_AGGRESSIVE;
				CLANG_CXX_LANGUAGE_STANDARD = "gnu++14";
				CLANG_CXX_LIBRARY = "libc++";
				CLANG_ENABLE_MODULES = YES;
				CLANG_ENABLE_OBJC_ARC = YES;
				CLANG_ENABLE_OBJC_WEAK = YES;
				CLANG_WARN_BLOCK_CAPTURE_AUTORELEASING = YES;
				CLANG_WARN_BOOL_CONVERSION = YES;
				CLANG_WARN_COMMA = YES;
				CLANG_WARN_CONSTANT_CONVERSION = YES;
				CLANG_WARN_DEPRECATED_OBJC_IMPLEMENTATIONS = YES;
				CLANG_WARN_DIRECT_OBJC_ISA_USAGE = YES_ERROR;
				CLANG_WARN_DOCUMENTATION_COMMENTS = YES;
				CLANG_WARN_EMPTY_BODY = YES;
				CLANG_WARN_ENUM_CONVERSION = YES;
				CLANG_WARN_INFINITE_RECURSION = YES;
				CLANG_WARN_INT_CONVERSION = YES;
				CLANG_WARN_NON_LITERAL_NULL_CONVERSION = YES;
				CLANG_WARN_OBJC_IMPLICIT_RETAIN_SELF = YES;
				CLANG_WARN_OBJC_LITERAL_CONVERSION = YES;
				CLANG_WARN_OBJC_ROOT_CLASS = YES_ERROR;
				CLANG_WARN_RANGE_LOOP_ANALYSIS = YES;
				CLANG_WARN_STRICT_PROTOTYPES = YES;
				CLANG_WARN_SUSPICIOUS_MOVE = YES;
				CLANG_WARN_UNGUARDED_AVAILABILITY = YES_AGGRESSIVE;
				CLANG_WARN_UNREACHABLE_CODE = YES;
				CLANG_WARN__DUPLICATE_METHOD_MATCH = YES;
				COPY_PHASE_STRIP = NO;
				DEBUG_INFORMATION_FORMAT = dwarf;
				ENABLE_STRICT_OBJC_MSGSEND = YES;
				ENABLE_TESTABILITY = YES;
				GCC_C_LANGUAGE_STANDARD = gnu11;
				GCC_DYNAMIC_NO_PIC = NO;
				GCC_NO_COMMON_BLOCKS = YES;
				GCC_OPTIMIZATION_LEVEL = 0;
				GCC_PREPROCESSOR_DEFINITIONS = (
					"DEBUG=1",
					"$(inherited)",
				);
				GCC_WARN_64_TO_32_BIT_CONVERSION = YES;
				GCC_WARN_ABOUT_RETURN_TYPE = YES_ERROR;
				GCC_WARN_UNDECLARED_SELECTOR = YES;
				GCC_WARN_UNINITIALIZED_AUTOS = YES_AGGRESSIVE;
				GCC_WARN_UNUSED_FUNCTION = YES;
				GCC_WARN_UNUSED_VARIABLE = YES;
				IPHONEOS_DEPLOYMENT_TARGET = 13.4;
				MTL_ENABLE_DEBUG_INFO = INCLUDE_SOURCE;
				MTL_FAST_MATH = YES;
				ONLY_ACTIVE_ARCH = YES;
				SDKROOT = iphoneos;
				SWIFT_ACTIVE_COMPILATION_CONDITIONS = DEBUG;
				SWIFT_OPTIMIZATION_LEVEL = "-Onone";
			};
			name = Debug;
		};
		069654E62476AA60002E1B46 /* Release */ = {
			isa = XCBuildConfiguration;
			buildSettings = {
				ALWAYS_SEARCH_USER_PATHS = NO;
				CLANG_ANALYZER_NONNULL = YES;
				CLANG_ANALYZER_NUMBER_OBJECT_CONVERSION = YES_AGGRESSIVE;
				CLANG_CXX_LANGUAGE_STANDARD = "gnu++14";
				CLANG_CXX_LIBRARY = "libc++";
				CLANG_ENABLE_MODULES = YES;
				CLANG_ENABLE_OBJC_ARC = YES;
				CLANG_ENABLE_OBJC_WEAK = YES;
				CLANG_WARN_BLOCK_CAPTURE_AUTORELEASING = YES;
				CLANG_WARN_BOOL_CONVERSION = YES;
				CLANG_WARN_COMMA = YES;
				CLANG_WARN_CONSTANT_CONVERSION = YES;
				CLANG_WARN_DEPRECATED_OBJC_IMPLEMENTATIONS = YES;
				CLANG_WARN_DIRECT_OBJC_ISA_USAGE = YES_ERROR;
				CLANG_WARN_DOCUMENTATION_COMMENTS = YES;
				CLANG_WARN_EMPTY_BODY = YES;
				CLANG_WARN_ENUM_CONVERSION = YES;
				CLANG_WARN_INFINITE_RECURSION = YES;
				CLANG_WARN_INT_CONVERSION = YES;
				CLANG_WARN_NON_LITERAL_NULL_CONVERSION = YES;
				CLANG_WARN_OBJC_IMPLICIT_RETAIN_SELF = YES;
				CLANG_WARN_OBJC_LITERAL_CONVERSION = YES;
				CLANG_WARN_OBJC_ROOT_CLASS = YES_ERROR;
				CLANG_WARN_RANGE_LOOP_ANALYSIS = YES;
				CLANG_WARN_STRICT_PROTOTYPES = YES;
				CLANG_WARN_SUSPICIOUS_MOVE = YES;
				CLANG_WARN_UNGUARDED_AVAILABILITY = YES_AGGRESSIVE;
				CLANG_WARN_UNREACHABLE_CODE = YES;
				CLANG_WARN__DUPLICATE_METHOD_MATCH = YES;
				COPY_PHASE_STRIP = NO;
				DEBUG_INFORMATION_FORMAT = "dwarf-with-dsym";
				ENABLE_NS_ASSERTIONS = NO;
				ENABLE_STRICT_OBJC_MSGSEND = YES;
				GCC_C_LANGUAGE_STANDARD = gnu11;
				GCC_NO_COMMON_BLOCKS = YES;
				GCC_WARN_64_TO_32_BIT_CONVERSION = YES;
				GCC_WARN_ABOUT_RETURN_TYPE = YES_ERROR;
				GCC_WARN_UNDECLARED_SELECTOR = YES;
				GCC_WARN_UNINITIALIZED_AUTOS = YES_AGGRESSIVE;
				GCC_WARN_UNUSED_FUNCTION = YES;
				GCC_WARN_UNUSED_VARIABLE = YES;
				IPHONEOS_DEPLOYMENT_TARGET = 13.4;
				MTL_ENABLE_DEBUG_INFO = NO;
				MTL_FAST_MATH = YES;
				SDKROOT = iphoneos;
				SWIFT_COMPILATION_MODE = wholemodule;
				SWIFT_OPTIMIZATION_LEVEL = "-O";
				VALIDATE_PRODUCT = YES;
			};
			name = Release;
		};
		069654E82476AA60002E1B46 /* Debug */ = {
			isa = XCBuildConfiguration;
			buildSettings = {
				ASSETCATALOG_COMPILER_APPICON_NAME = AppIcon;
				CODE_SIGN_STYLE = Automatic;
				DEVELOPMENT_TEAM = UF7RF9KF4G;
				INFOPLIST_FILE = Davaleba26/Info.plist;
				LD_RUNPATH_SEARCH_PATHS = (
					"$(inherited)",
					"@executable_path/Frameworks",
				);
				PRODUCT_BUNDLE_IDENTIFIER = Home.Davaleba26;
				PRODUCT_NAME = "$(TARGET_NAME)";
				SWIFT_VERSION = 5.0;
				TARGETED_DEVICE_FAMILY = "1,2";
			};
			name = Debug;
		};
		069654E92476AA60002E1B46 /* Release */ = {
			isa = XCBuildConfiguration;
			buildSettings = {
				ASSETCATALOG_COMPILER_APPICON_NAME = AppIcon;
				CODE_SIGN_STYLE = Automatic;
				DEVELOPMENT_TEAM = UF7RF9KF4G;
				INFOPLIST_FILE = Davaleba26/Info.plist;
				LD_RUNPATH_SEARCH_PATHS = (
					"$(inherited)",
					"@executable_path/Frameworks",
				);
				PRODUCT_BUNDLE_IDENTIFIER = Home.Davaleba26;
				PRODUCT_NAME = "$(TARGET_NAME)";
				SWIFT_VERSION = 5.0;
				TARGETED_DEVICE_FAMILY = "1,2";
			};
			name = Release;
		};
/* End XCBuildConfiguration section */

/* Begin XCConfigurationList section */
		069654CB2476AA2E002E1B46 /* Build configuration list for PBXProject "Davaleba26" */ = {
			isa = XCConfigurationList;
			buildConfigurations = (
				069654E52476AA60002E1B46 /* Debug */,
				069654E62476AA60002E1B46 /* Release */,
			);
			defaultConfigurationIsVisible = 0;
			defaultConfigurationName = Release;
		};
		069654E72476AA60002E1B46 /* Build configuration list for PBXNativeTarget "Davaleba26" */ = {
			isa = XCConfigurationList;
			buildConfigurations = (
				069654E82476AA60002E1B46 /* Debug */,
				069654E92476AA60002E1B46 /* Release */,
			);
			defaultConfigurationIsVisible = 0;
			defaultConfigurationName = Release;
		};
/* End XCConfigurationList section */

/* Begin XCVersionGroup section */
		069654DC2476AA30002E1B46 /* Davaleba26.xcdatamodeld */ = {
			isa = XCVersionGroup;
			children = (
				069654DD2476AA30002E1B46 /* Davaleba26.xcdatamodel */,
			);
			currentVersion = 069654DD2476AA30002E1B46 /* Davaleba26.xcdatamodel */;
			path = Davaleba26.xcdatamodeld;
			sourceTree = "<group>";
			versionGroupType = wrapper.xcdatamodel;
		};
/* End XCVersionGroup section */
	};
	rootObject = 069654C82476AA2E002E1B46 /* Project object */;
}
