// !$*UTF8*$!
{
	archiveVersion = 1;
	classes = {
	};
	objectVersion = 50;
	objects = {

/* Begin PBXBuildFile section */
		0689ED972458782C001AB362 /* AppDelegate.swift in Sources */ = {isa = PBXBuildFile; fileRef = 0689ED962458782C001AB362 /* AppDelegate.swift */; };
		0689ED992458782C001AB362 /* SceneDelegate.swift in Sources */ = {isa = PBXBuildFile; fileRef = 0689ED982458782C001AB362 /* SceneDelegate.swift */; };
		0689ED9B2458782C001AB362 /* ViewController.swift in Sources */ = {isa = PBXBuildFile; fileRef = 0689ED9A2458782C001AB362 /* ViewController.swift */; };
		0689ED9E2458782C001AB362 /* Main.storyboard in Resources */ = {isa = PBXBuildFile; fileRef = 0689ED9C2458782C001AB362 /* Main.storyboard */; };
		0689EDA02458782D001AB362 /* Assets.xcassets in Resources */ = {isa = PBXBuildFile; fileRef = 0689ED9F2458782D001AB362 /* Assets.xcassets */; };
		0689EDA32458782D001AB362 /* LaunchScreen.storyboard in Resources */ = {isa = PBXBuildFile; fileRef = 0689EDA12458782D001AB362 /* LaunchScreen.storyboard */; };
		06F7CFEF24587C95005BF757 /* SecondPageViewController.swift in Sources */ = {isa = PBXBuildFile; fileRef = 06F7CFEE24587C95005BF757 /* SecondPageViewController.swift */; };
/* End PBXBuildFile section */

/* Begin PBXFileReference section */
		0689ED932458782C001AB362 /* Davaleba 10v3.app */ = {isa = PBXFileReference; explicitFileType = wrapper.application; includeInIndex = 0; path = "Davaleba 10v3.app"; sourceTree = BUILT_PRODUCTS_DIR; };
		0689ED962458782C001AB362 /* AppDelegate.swift */ = {isa = PBXFileReference; lastKnownFileType = sourcecode.swift; path = AppDelegate.swift; sourceTree = "<group>"; };
		0689ED982458782C001AB362 /* SceneDelegate.swift */ = {isa = PBXFileReference; lastKnownFileType = sourcecode.swift; path = SceneDelegate.swift; sourceTree = "<group>"; };
		0689ED9A2458782C001AB362 /* ViewController.swift */ = {isa = PBXFileReference; lastKnownFileType = sourcecode.swift; path = ViewController.swift; sourceTree = "<group>"; };
		0689ED9D2458782C001AB362 /* Base */ = {isa = PBXFileReference; lastKnownFileType = file.storyboard; name = Base; path = Base.lproj/Main.storyboard; sourceTree = "<group>"; };
		0689ED9F2458782D001AB362 /* Assets.xcassets */ = {isa = PBXFileReference; lastKnownFileType = folder.assetcatalog; path = Assets.xcassets; sourceTree = "<group>"; };
		0689EDA22458782D001AB362 /* Base */ = {isa = PBXFileReference; lastKnownFileType = file.storyboard; name = Base; path = Base.lproj/LaunchScreen.storyboard; sourceTree = "<group>"; };
		0689EDA42458782D001AB362 /* Info.plist */ = {isa = PBXFileReference; lastKnownFileType = text.plist.xml; path = Info.plist; sourceTree = "<group>"; };
		06F7CFEE24587C95005BF757 /* SecondPageViewController.swift */ = {isa = PBXFileReference; lastKnownFileType = sourcecode.swift; path = SecondPageViewController.swift; sourceTree = "<group>"; };
/* End PBXFileReference section */

/* Begin PBXFrameworksBuildPhase section */
		0689ED902458782C001AB362 /* Frameworks */ = {
			isa = PBXFrameworksBuildPhase;
			buildActionMask = 2147483647;
			files = (
			);
			runOnlyForDeploymentPostprocessing = 0;
		};
/* End PBXFrameworksBuildPhase section */

/* Begin PBXGroup section */
		0689ED8A2458782C001AB362 = {
			isa = PBXGroup;
			children = (
				0689ED952458782C001AB362 /* Davaleba 10v3 */,
				0689ED942458782C001AB362 /* Products */,
			);
			sourceTree = "<group>";
		};
		0689ED942458782C001AB362 /* Products */ = {
			isa = PBXGroup;
			children = (
				0689ED932458782C001AB362 /* Davaleba 10v3.app */,
			);
			name = Products;
			sourceTree = "<group>";
		};
		0689ED952458782C001AB362 /* Davaleba 10v3 */ = {
			isa = PBXGroup;
			children = (
				0689ED962458782C001AB362 /* AppDelegate.swift */,
				0689ED982458782C001AB362 /* SceneDelegate.swift */,
				0689ED9A2458782C001AB362 /* ViewController.swift */,
				0689ED9C2458782C001AB362 /* Main.storyboard */,
				0689ED9F2458782D001AB362 /* Assets.xcassets */,
				0689EDA12458782D001AB362 /* LaunchScreen.storyboard */,
				0689EDA42458782D001AB362 /* Info.plist */,
				06F7CFEE24587C95005BF757 /* SecondPageViewController.swift */,
			);
			path = "Davaleba 10v3";
			sourceTree = "<group>";
		};
/* End PBXGroup section */

/* Begin PBXNativeTarget section */
		0689ED922458782C001AB362 /* Davaleba 10v3 */ = {
			isa = PBXNativeTarget;
			buildConfigurationList = 0689EDA72458782D001AB362 /* Build configuration list for PBXNativeTarget "Davaleba 10v3" */;
			buildPhases = (
				0689ED8F2458782C001AB362 /* Sources */,
				0689ED902458782C001AB362 /* Frameworks */,
				0689ED912458782C001AB362 /* Resources */,
			);
			buildRules = (
			);
			dependencies = (
			);
			name = "Davaleba 10v3";
			productName = "Davaleba 10v3";
			productReference = 0689ED932458782C001AB362 /* Davaleba 10v3.app */;
			productType = "com.apple.product-type.application";
		};
/* End PBXNativeTarget section */

/* Begin PBXProject section */
		0689ED8B2458782C001AB362 /* Project object */ = {
			isa = PBXProject;
			attributes = {
				LastSwiftUpdateCheck = 1140;
				LastUpgradeCheck = 1140;
				ORGANIZATIONNAME = homework;
				TargetAttributes = {
					0689ED922458782C001AB362 = {
						CreatedOnToolsVersion = 11.4.1;
					};
				};
			};
			buildConfigurationList = 0689ED8E2458782C001AB362 /* Build configuration list for PBXProject "Davaleba 10v3" */;
			compatibilityVersion = "Xcode 9.3";
			developmentRegion = en;
			hasScannedForEncodings = 0;
			knownRegions = (
				en,
				Base,
			);
			mainGroup = 0689ED8A2458782C001AB362;
			productRefGroup = 0689ED942458782C001AB362 /* Products */;
			projectDirPath = "";
			projectRoot = "";
			targets = (
				0689ED922458782C001AB362 /* Davaleba 10v3 */,
			);
		};
/* End PBXProject section */

/* Begin PBXResourcesBuildPhase section */
		0689ED912458782C001AB362 /* Resources */ = {
			isa = PBXResourcesBuildPhase;
			buildActionMask = 2147483647;
			files = (
				0689EDA32458782D001AB362 /* LaunchScreen.storyboard in Resources */,
				0689EDA02458782D001AB362 /* Assets.xcassets in Resources */,
				0689ED9E2458782C001AB362 /* Main.storyboard in Resources */,
			);
			runOnlyForDeploymentPostprocessing = 0;
		};
/* End PBXResourcesBuildPhase section */

/* Begin PBXSourcesBuildPhase section */
		0689ED8F2458782C001AB362 /* Sources */ = {
			isa = PBXSourcesBuildPhase;
			buildActionMask = 2147483647;
			files = (
				0689ED9B2458782C001AB362 /* ViewController.swift in Sources */,
				06F7CFEF24587C95005BF757 /* SecondPageViewController.swift in Sources */,
				0689ED972458782C001AB362 /* AppDelegate.swift in Sources */,
				0689ED992458782C001AB362 /* SceneDelegate.swift in Sources */,
			);
			runOnlyForDeploymentPostprocessing = 0;
		};
/* End PBXSourcesBuildPhase section */

/* Begin PBXVariantGroup section */
		0689ED9C2458782C001AB362 /* Main.storyboard */ = {
			isa = PBXVariantGroup;
			children = (
				0689ED9D2458782C001AB362 /* Base */,
			);
			name = Main.storyboard;
			sourceTree = "<group>";
		};
		0689EDA12458782D001AB362 /* LaunchScreen.storyboard */ = {
			isa = PBXVariantGroup;
			children = (
				0689EDA22458782D001AB362 /* Base */,
			);
			name = LaunchScreen.storyboard;
			sourceTree = "<group>";
		};
/* End PBXVariantGroup section */

/* Begin XCBuildConfiguration section */
		0689EDA52458782D001AB362 /* Debug */ = {
			isa = XCBuildConfiguration;
			buildSettings = {
				ALWAYS_SEARCH_USER_PATHS = NO;
				CLANG_ANALYZER_NONNULL = YES;
				CLANG_ANALYZER_NUMBER_OBJECT_CONVERSION = YES_AGGRESSIVE;
				CLANG_CXX_LANGUAGE_STANDARD = "gnu++14";
				CLANG_CXX_LIBRARY = "libc++";
				CLANG_ENABLE_MODULES = YES;
				CLANG_ENABLE_OBJC_ARC = YES;
				CLANG_ENABLE_OBJC_WEAK = YES;
				CLANG_WARN_BLOCK_CAPTURE_AUTORELEASING = YES;
				CLANG_WARN_BOOL_CONVERSION = YES;
				CLANG_WARN_COMMA = YES;
				CLANG_WARN_CONSTANT_CONVERSION = YES;
				CLANG_WARN_DEPRECATED_OBJC_IMPLEMENTATIONS = YES;
				CLANG_WARN_DIRECT_OBJC_ISA_USAGE = YES_ERROR;
				CLANG_WARN_DOCUMENTATION_COMMENTS = YES;
				CLANG_WARN_EMPTY_BODY = YES;
				CLANG_WARN_ENUM_CONVERSION = YES;
				CLANG_WARN_INFINITE_RECURSION = YES;
				CLANG_WARN_INT_CONVERSION = YES;
				CLANG_WARN_NON_LITERAL_NULL_CONVERSION = YES;
				CLANG_WARN_OBJC_IMPLICIT_RETAIN_SELF = YES;
				CLANG_WARN_OBJC_LITERAL_CONVERSION = YES;
				CLANG_WARN_OBJC_ROOT_CLASS = YES_ERROR;
				CLANG_WARN_RANGE_LOOP_ANALYSIS = YES;
				CLANG_WARN_STRICT_PROTOTYPES = YES;
				CLANG_WARN_SUSPICIOUS_MOVE = YES;
				CLANG_WARN_UNGUARDED_AVAILABILITY = YES_AGGRESSIVE;
				CLANG_WARN_UNREACHABLE_CODE = YES;
				CLANG_WARN__DUPLICATE_METHOD_MATCH = YES;
				COPY_PHASE_STRIP = NO;
				DEBUG_INFORMATION_FORMAT = dwarf;
				ENABLE_STRICT_OBJC_MSGSEND = YES;
				ENABLE_TESTABILITY = YES;
				GCC_C_LANGUAGE_STANDARD = gnu11;
				GCC_DYNAMIC_NO_PIC = NO;
				GCC_NO_COMMON_BLOCKS = YES;
				GCC_OPTIMIZATION_LEVEL = 0;
				GCC_PREPROCESSOR_DEFINITIONS = (
					"DEBUG=1",
					"$(inherited)",
				);
				GCC_WARN_64_TO_32_BIT_CONVERSION = YES;
				GCC_WARN_ABOUT_RETURN_TYPE = YES_ERROR;
				GCC_WARN_UNDECLARED_SELECTOR = YES;
				GCC_WARN_UNINITIALIZED_AUTOS = YES_AGGRESSIVE;
				GCC_WARN_UNUSED_FUNCTION = YES;
				GCC_WARN_UNUSED_VARIABLE = YES;
				IPHONEOS_DEPLOYMENT_TARGET = 13.4;
				MTL_ENABLE_DEBUG_INFO = INCLUDE_SOURCE;
				MTL_FAST_MATH = YES;
				ONLY_ACTIVE_ARCH = YES;
				SDKROOT = iphoneos;
				SWIFT_ACTIVE_COMPILATION_CONDITIONS = DEBUG;
				SWIFT_OPTIMIZATION_LEVEL = "-Onone";
			};
			name = Debug;
		};
		0689EDA62458782D001AB362 /* Release */ = {
			isa = XCBuildConfiguration;
			buildSettings = {
				ALWAYS_SEARCH_USER_PATHS = NO;
				CLANG_ANALYZER_NONNULL = YES;
				CLANG_ANALYZER_NUMBER_OBJECT_CONVERSION = YES_AGGRESSIVE;
				CLANG_CXX_LANGUAGE_STANDARD = "gnu++14";
				CLANG_CXX_LIBRARY = "libc++";
				CLANG_ENABLE_MODULES = YES;
				CLANG_ENABLE_OBJC_ARC = YES;
				CLANG_ENABLE_OBJC_WEAK = YES;
				CLANG_WARN_BLOCK_CAPTURE_AUTORELEASING = YES;
				CLANG_WARN_BOOL_CONVERSION = YES;
				CLANG_WARN_COMMA = YES;
				CLANG_WARN_CONSTANT_CONVERSION = YES;
				CLANG_WARN_DEPRECATED_OBJC_IMPLEMENTATIONS = YES;
				CLANG_WARN_DIRECT_OBJC_ISA_USAGE = YES_ERROR;
				CLANG_WARN_DOCUMENTATION_COMMENTS = YES;
				CLANG_WARN_EMPTY_BODY = YES;
				CLANG_WARN_ENUM_CONVERSION = YES;
				CLANG_WARN_INFINITE_RECURSION = YES;
				CLANG_WARN_INT_CONVERSION = YES;
				CLANG_WARN_NON_LITERAL_NULL_CONVERSION = YES;
				CLANG_WARN_OBJC_IMPLICIT_RETAIN_SELF = YES;
				CLANG_WARN_OBJC_LITERAL_CONVERSION = YES;
				CLANG_WARN_OBJC_ROOT_CLASS = YES_ERROR;
				CLANG_WARN_RANGE_LOOP_ANALYSIS = YES;
				CLANG_WARN_STRICT_PROTOTYPES = YES;
				CLANG_WARN_SUSPICIOUS_MOVE = YES;
				CLANG_WARN_UNGUARDED_AVAILABILITY = YES_AGGRESSIVE;
				CLANG_WARN_UNREACHABLE_CODE = YES;
				CLANG_WARN__DUPLICATE_METHOD_MATCH = YES;
				COPY_PHASE_STRIP = NO;
				DEBUG_INFORMATION_FORMAT = "dwarf-with-dsym";
				ENABLE_NS_ASSERTIONS = NO;
				ENABLE_STRICT_OBJC_MSGSEND = YES;
				GCC_C_LANGUAGE_STANDARD = gnu11;
				GCC_NO_COMMON_BLOCKS = YES;
				GCC_WARN_64_TO_32_BIT_CONVERSION = YES;
				GCC_WARN_ABOUT_RETURN_TYPE = YES_ERROR;
				GCC_WARN_UNDECLARED_SELECTOR = YES;
				GCC_WARN_UNINITIALIZED_AUTOS = YES_AGGRESSIVE;
				GCC_WARN_UNUSED_FUNCTION = YES;
				GCC_WARN_UNUSED_VARIABLE = YES;
				IPHONEOS_DEPLOYMENT_TARGET = 13.4;
				MTL_ENABLE_DEBUG_INFO = NO;
				MTL_FAST_MATH = YES;
				SDKROOT = iphoneos;
				SWIFT_COMPILATION_MODE = wholemodule;
				SWIFT_OPTIMIZATION_LEVEL = "-O";
				VALIDATE_PRODUCT = YES;
			};
			name = Release;
		};
		0689EDA82458782D001AB362 /* Debug */ = {
			isa = XCBuildConfiguration;
			buildSettings = {
				ASSETCATALOG_COMPILER_APPICON_NAME = AppIcon;
				CODE_SIGN_STYLE = Automatic;
				DEVELOPMENT_TEAM = UF7RF9KF4G;
				INFOPLIST_FILE = "Davaleba 10v3/Info.plist";
				LD_RUNPATH_SEARCH_PATHS = (
					"$(inherited)",
					"@executable_path/Frameworks",
				);
				PRODUCT_BUNDLE_IDENTIFIER = "Home.Davaleba-10v3";
				PRODUCT_NAME = "$(TARGET_NAME)";
				SWIFT_VERSION = 5.0;
				TARGETED_DEVICE_FAMILY = "1,2";
			};
			name = Debug;
		};
		0689EDA92458782D001AB362 /* Release */ = {
			isa = XCBuildConfiguration;
			buildSettings = {
				ASSETCATALOG_COMPILER_APPICON_NAME = AppIcon;
				CODE_SIGN_STYLE = Automatic;
				DEVELOPMENT_TEAM = UF7RF9KF4G;
				INFOPLIST_FILE = "Davaleba 10v3/Info.plist";
				LD_RUNPATH_SEARCH_PATHS = (
					"$(inherited)",
					"@executable_path/Frameworks",
				);
				PRODUCT_BUNDLE_IDENTIFIER = "Home.Davaleba-10v3";
				PRODUCT_NAME = "$(TARGET_NAME)";
				SWIFT_VERSION = 5.0;
				TARGETED_DEVICE_FAMILY = "1,2";
			};
			name = Release;
		};
/* End XCBuildConfiguration section */

/* Begin XCConfigurationList section */
		0689ED8E2458782C001AB362 /* Build configuration list for PBXProject "Davaleba 10v3" */ = {
			isa = XCConfigurationList;
			buildConfigurations = (
				0689EDA52458782D001AB362 /* Debug */,
				0689EDA62458782D001AB362 /* Release */,
			);
			defaultConfigurationIsVisible = 0;
			defaultConfigurationName = Release;
		};
		0689EDA72458782D001AB362 /* Build configuration list for PBXNativeTarget "Davaleba 10v3" */ = {
			isa = XCConfigurationList;
			buildConfigurations = (
				0689EDA82458782D001AB362 /* Debug */,
				0689EDA92458782D001AB362 /* Release */,
			);
			defaultConfigurationIsVisible = 0;
			defaultConfigurationName = Release;
		};
/* End XCConfigurationList section */
	};
	rootObject = 0689ED8B2458782C001AB362 /* Project object */;
}
