// !$*UTF8*$!
{
	archiveVersion = 1;
	classes = {
	};
	objectVersion = 50;
	objects = {

/* Begin PBXBuildFile section */
		2B6282FD24ACC4E7000DD934 /* AppDelegate.swift in Sources */ = {isa = PBXBuildFile; fileRef = 2B6282FC24ACC4E7000DD934 /* AppDelegate.swift */; };
		2B6282FF24ACC4E7000DD934 /* SceneDelegate.swift in Sources */ = {isa = PBXBuildFile; fileRef = 2B6282FE24ACC4E7000DD934 /* SceneDelegate.swift */; };
		2B62830124ACC4E7000DD934 /* ViewController.swift in Sources */ = {isa = PBXBuildFile; fileRef = 2B62830024ACC4E7000DD934 /* ViewController.swift */; };
		2B62830424ACC4E7000DD934 /* Main.storyboard in Resources */ = {isa = PBXBuildFile; fileRef = 2B62830224ACC4E7000DD934 /* Main.storyboard */; };
		2B62830724ACC4E7000DD934 /* Davakeba52.xcdatamodeld in Sources */ = {isa = PBXBuildFile; fileRef = 2B62830524ACC4E7000DD934 /* Davakeba52.xcdatamodeld */; };
		2B62830924ACC4FB000DD934 /* Assets.xcassets in Resources */ = {isa = PBXBuildFile; fileRef = 2B62830824ACC4FB000DD934 /* Assets.xcassets */; };
		2B62830C24ACC4FB000DD934 /* LaunchScreen.storyboard in Resources */ = {isa = PBXBuildFile; fileRef = 2B62830A24ACC4FB000DD934 /* LaunchScreen.storyboard */; };
/* End PBXBuildFile section */

/* Begin PBXFileReference section */
		2B6282F924ACC4E6000DD934 /* Davakeba52.app */ = {isa = PBXFileReference; explicitFileType = wrapper.application; includeInIndex = 0; path = Davakeba52.app; sourceTree = BUILT_PRODUCTS_DIR; };
		2B6282FC24ACC4E7000DD934 /* AppDelegate.swift */ = {isa = PBXFileReference; lastKnownFileType = sourcecode.swift; path = AppDelegate.swift; sourceTree = "<group>"; };
		2B6282FE24ACC4E7000DD934 /* SceneDelegate.swift */ = {isa = PBXFileReference; lastKnownFileType = sourcecode.swift; path = SceneDelegate.swift; sourceTree = "<group>"; };
		2B62830024ACC4E7000DD934 /* ViewController.swift */ = {isa = PBXFileReference; lastKnownFileType = sourcecode.swift; path = ViewController.swift; sourceTree = "<group>"; };
		2B62830324ACC4E7000DD934 /* Base */ = {isa = PBXFileReference; lastKnownFileType = file.storyboard; name = Base; path = Base.lproj/Main.storyboard; sourceTree = "<group>"; };
		2B62830624ACC4E7000DD934 /* Davakeba52.xcdatamodel */ = {isa = PBXFileReference; lastKnownFileType = wrapper.xcdatamodel; path = Davakeba52.xcdatamodel; sourceTree = "<group>"; };
		2B62830824ACC4FB000DD934 /* Assets.xcassets */ = {isa = PBXFileReference; lastKnownFileType = folder.assetcatalog; path = Assets.xcassets; sourceTree = "<group>"; };
		2B62830B24ACC4FB000DD934 /* Base */ = {isa = PBXFileReference; lastKnownFileType = file.storyboard; name = Base; path = Base.lproj/LaunchScreen.storyboard; sourceTree = "<group>"; };
		2B62830D24ACC4FB000DD934 /* Info.plist */ = {isa = PBXFileReference; lastKnownFileType = text.plist.xml; path = Info.plist; sourceTree = "<group>"; };
/* End PBXFileReference section */

/* Begin PBXFrameworksBuildPhase section */
		2B6282F624ACC4E6000DD934 /* Frameworks */ = {
			isa = PBXFrameworksBuildPhase;
			buildActionMask = 2147483647;
			files = (
			);
			runOnlyForDeploymentPostprocessing = 0;
		};
/* End PBXFrameworksBuildPhase section */

/* Begin PBXGroup section */
		2B6282F024ACC4E6000DD934 = {
			isa = PBXGroup;
			children = (
				2B6282FB24ACC4E6000DD934 /* Davakeba52 */,
				2B6282FA24ACC4E6000DD934 /* Products */,
			);
			sourceTree = "<group>";
		};
		2B6282FA24ACC4E6000DD934 /* Products */ = {
			isa = PBXGroup;
			children = (
				2B6282F924ACC4E6000DD934 /* Davakeba52.app */,
			);
			name = Products;
			sourceTree = "<group>";
		};
		2B6282FB24ACC4E6000DD934 /* Davakeba52 */ = {
			isa = PBXGroup;
			children = (
				2B6282FC24ACC4E7000DD934 /* AppDelegate.swift */,
				2B6282FE24ACC4E7000DD934 /* SceneDelegate.swift */,
				2B62830024ACC4E7000DD934 /* ViewController.swift */,
				2B62830224ACC4E7000DD934 /* Main.storyboard */,
				2B62830824ACC4FB000DD934 /* Assets.xcassets */,
				2B62830A24ACC4FB000DD934 /* LaunchScreen.storyboard */,
				2B62830D24ACC4FB000DD934 /* Info.plist */,
				2B62830524ACC4E7000DD934 /* Davakeba52.xcdatamodeld */,
			);
			path = Davakeba52;
			sourceTree = "<group>";
		};
/* End PBXGroup section */

/* Begin PBXNativeTarget section */
		2B6282F824ACC4E6000DD934 /* Davakeba52 */ = {
			isa = PBXNativeTarget;
			buildConfigurationList = 2B62831024ACC4FB000DD934 /* Build configuration list for PBXNativeTarget "Davakeba52" */;
			buildPhases = (
				2B6282F524ACC4E6000DD934 /* Sources */,
				2B6282F624ACC4E6000DD934 /* Frameworks */,
				2B6282F724ACC4E6000DD934 /* Resources */,
			);
			buildRules = (
			);
			dependencies = (
			);
			name = Davakeba52;
			productName = Davakeba52;
			productReference = 2B6282F924ACC4E6000DD934 /* Davakeba52.app */;
			productType = "com.apple.product-type.application";
		};
/* End PBXNativeTarget section */

/* Begin PBXProject section */
		2B6282F124ACC4E6000DD934 /* Project object */ = {
			isa = PBXProject;
			attributes = {
				LastSwiftUpdateCheck = 1150;
				LastUpgradeCheck = 1150;
				ORGANIZATIONNAME = "konstantine gudushauri";
				TargetAttributes = {
					2B6282F824ACC4E6000DD934 = {
						CreatedOnToolsVersion = 11.5;
					};
				};
			};
			buildConfigurationList = 2B6282F424ACC4E6000DD934 /* Build configuration list for PBXProject "Davakeba52" */;
			compatibilityVersion = "Xcode 9.3";
			developmentRegion = en;
			hasScannedForEncodings = 0;
			knownRegions = (
				en,
				Base,
			);
			mainGroup = 2B6282F024ACC4E6000DD934;
			productRefGroup = 2B6282FA24ACC4E6000DD934 /* Products */;
			projectDirPath = "";
			projectRoot = "";
			targets = (
				2B6282F824ACC4E6000DD934 /* Davakeba52 */,
			);
		};
/* End PBXProject section */

/* Begin PBXResourcesBuildPhase section */
		2B6282F724ACC4E6000DD934 /* Resources */ = {
			isa = PBXResourcesBuildPhase;
			buildActionMask = 2147483647;
			files = (
				2B62830C24ACC4FB000DD934 /* LaunchScreen.storyboard in Resources */,
				2B62830924ACC4FB000DD934 /* Assets.xcassets in Resources */,
				2B62830424ACC4E7000DD934 /* Main.storyboard in Resources */,
			);
			runOnlyForDeploymentPostprocessing = 0;
		};
/* End PBXResourcesBuildPhase section */

/* Begin PBXSourcesBuildPhase section */
		2B6282F524ACC4E6000DD934 /* Sources */ = {
			isa = PBXSourcesBuildPhase;
			buildActionMask = 2147483647;
			files = (
				2B62830124ACC4E7000DD934 /* ViewController.swift in Sources */,
				2B62830724ACC4E7000DD934 /* Davakeba52.xcdatamodeld in Sources */,
				2B6282FD24ACC4E7000DD934 /* AppDelegate.swift in Sources */,
				2B6282FF24ACC4E7000DD934 /* SceneDelegate.swift in Sources */,
			);
			runOnlyForDeploymentPostprocessing = 0;
		};
/* End PBXSourcesBuildPhase section */

/* Begin PBXVariantGroup section */
		2B62830224ACC4E7000DD934 /* Main.storyboard */ = {
			isa = PBXVariantGroup;
			children = (
				2B62830324ACC4E7000DD934 /* Base */,
			);
			name = Main.storyboard;
			sourceTree = "<group>";
		};
		2B62830A24ACC4FB000DD934 /* LaunchScreen.storyboard */ = {
			isa = PBXVariantGroup;
			children = (
				2B62830B24ACC4FB000DD934 /* Base */,
			);
			name = LaunchScreen.storyboard;
			sourceTree = "<group>";
		};
/* End PBXVariantGroup section */

/* Begin XCBuildConfiguration section */
		2B62830E24ACC4FB000DD934 /* Debug */ = {
			isa = XCBuildConfiguration;
			buildSettings = {
				ALWAYS_SEARCH_USER_PATHS = NO;
				CLANG_ANALYZER_NONNULL = YES;
				CLANG_ANALYZER_NUMBER_OBJECT_CONVERSION = YES_AGGRESSIVE;
				CLANG_CXX_LANGUAGE_STANDARD = "gnu++14";
				CLANG_CXX_LIBRARY = "libc++";
				CLANG_ENABLE_MODULES = YES;
				CLANG_ENABLE_OBJC_ARC = YES;
				CLANG_ENABLE_OBJC_WEAK = YES;
				CLANG_WARN_BLOCK_CAPTURE_AUTORELEASING = YES;
				CLANG_WARN_BOOL_CONVERSION = YES;
				CLANG_WARN_COMMA = YES;
				CLANG_WARN_CONSTANT_CONVERSION = YES;
				CLANG_WARN_DEPRECATED_OBJC_IMPLEMENTATIONS = YES;
				CLANG_WARN_DIRECT_OBJC_ISA_USAGE = YES_ERROR;
				CLANG_WARN_DOCUMENTATION_COMMENTS = YES;
				CLANG_WARN_EMPTY_BODY = YES;
				CLANG_WARN_ENUM_CONVERSION = YES;
				CLANG_WARN_INFINITE_RECURSION = YES;
				CLANG_WARN_INT_CONVERSION = YES;
				CLANG_WARN_NON_LITERAL_NULL_CONVERSION = YES;
				CLANG_WARN_OBJC_IMPLICIT_RETAIN_SELF = YES;
				CLANG_WARN_OBJC_LITERAL_CONVERSION = YES;
				CLANG_WARN_OBJC_ROOT_CLASS = YES_ERROR;
				CLANG_WARN_RANGE_LOOP_ANALYSIS = YES;
				CLANG_WARN_STRICT_PROTOTYPES = YES;
				CLANG_WARN_SUSPICIOUS_MOVE = YES;
				CLANG_WARN_UNGUARDED_AVAILABILITY = YES_AGGRESSIVE;
				CLANG_WARN_UNREACHABLE_CODE = YES;
				CLANG_WARN__DUPLICATE_METHOD_MATCH = YES;
				COPY_PHASE_STRIP = NO;
				DEBUG_INFORMATION_FORMAT = dwarf;
				ENABLE_STRICT_OBJC_MSGSEND = YES;
				ENABLE_TESTABILITY = YES;
				GCC_C_LANGUAGE_STANDARD = gnu11;
				GCC_DYNAMIC_NO_PIC = NO;
				GCC_NO_COMMON_BLOCKS = YES;
				GCC_OPTIMIZATION_LEVEL = 0;
				GCC_PREPROCESSOR_DEFINITIONS = (
					"DEBUG=1",
					"$(inherited)",
				);
				GCC_WARN_64_TO_32_BIT_CONVERSION = YES;
				GCC_WARN_ABOUT_RETURN_TYPE = YES_ERROR;
				GCC_WARN_UNDECLARED_SELECTOR = YES;
				GCC_WARN_UNINITIALIZED_AUTOS = YES_AGGRESSIVE;
				GCC_WARN_UNUSED_FUNCTION = YES;
				GCC_WARN_UNUSED_VARIABLE = YES;
				IPHONEOS_DEPLOYMENT_TARGET = 13.5;
				MTL_ENABLE_DEBUG_INFO = INCLUDE_SOURCE;
				MTL_FAST_MATH = YES;
				ONLY_ACTIVE_ARCH = YES;
				SDKROOT = iphoneos;
				SWIFT_ACTIVE_COMPILATION_CONDITIONS = DEBUG;
				SWIFT_OPTIMIZATION_LEVEL = "-Onone";
			};
			name = Debug;
		};
		2B62830F24ACC4FB000DD934 /* Release */ = {
			isa = XCBuildConfiguration;
			buildSettings = {
				ALWAYS_SEARCH_USER_PATHS = NO;
				CLANG_ANALYZER_NONNULL = YES;
				CLANG_ANALYZER_NUMBER_OBJECT_CONVERSION = YES_AGGRESSIVE;
				CLANG_CXX_LANGUAGE_STANDARD = "gnu++14";
				CLANG_CXX_LIBRARY = "libc++";
				CLANG_ENABLE_MODULES = YES;
				CLANG_ENABLE_OBJC_ARC = YES;
				CLANG_ENABLE_OBJC_WEAK = YES;
				CLANG_WARN_BLOCK_CAPTURE_AUTORELEASING = YES;
				CLANG_WARN_BOOL_CONVERSION = YES;
				CLANG_WARN_COMMA = YES;
				CLANG_WARN_CONSTANT_CONVERSION = YES;
				CLANG_WARN_DEPRECATED_OBJC_IMPLEMENTATIONS = YES;
				CLANG_WARN_DIRECT_OBJC_ISA_USAGE = YES_ERROR;
				CLANG_WARN_DOCUMENTATION_COMMENTS = YES;
				CLANG_WARN_EMPTY_BODY = YES;
				CLANG_WARN_ENUM_CONVERSION = YES;
				CLANG_WARN_INFINITE_RECURSION = YES;
				CLANG_WARN_INT_CONVERSION = YES;
				CLANG_WARN_NON_LITERAL_NULL_CONVERSION = YES;
				CLANG_WARN_OBJC_IMPLICIT_RETAIN_SELF = YES;
				CLANG_WARN_OBJC_LITERAL_CONVERSION = YES;
				CLANG_WARN_OBJC_ROOT_CLASS = YES_ERROR;
				CLANG_WARN_RANGE_LOOP_ANALYSIS = YES;
				CLANG_WARN_STRICT_PROTOTYPES = YES;
				CLANG_WARN_SUSPICIOUS_MOVE = YES;
				CLANG_WARN_UNGUARDED_AVAILABILITY = YES_AGGRESSIVE;
				CLANG_WARN_UNREACHABLE_CODE = YES;
				CLANG_WARN__DUPLICATE_METHOD_MATCH = YES;
				COPY_PHASE_STRIP = NO;
				DEBUG_INFORMATION_FORMAT = "dwarf-with-dsym";
				ENABLE_NS_ASSERTIONS = NO;
				ENABLE_STRICT_OBJC_MSGSEND = YES;
				GCC_C_LANGUAGE_STANDARD = gnu11;
				GCC_NO_COMMON_BLOCKS = YES;
				GCC_WARN_64_TO_32_BIT_CONVERSION = YES;
				GCC_WARN_ABOUT_RETURN_TYPE = YES_ERROR;
				GCC_WARN_UNDECLARED_SELECTOR = YES;
				GCC_WARN_UNINITIALIZED_AUTOS = YES_AGGRESSIVE;
				GCC_WARN_UNUSED_FUNCTION = YES;
				GCC_WARN_UNUSED_VARIABLE = YES;
				IPHONEOS_DEPLOYMENT_TARGET = 13.5;
				MTL_ENABLE_DEBUG_INFO = NO;
				MTL_FAST_MATH = YES;
				SDKROOT = iphoneos;
				SWIFT_COMPILATION_MODE = wholemodule;
				SWIFT_OPTIMIZATION_LEVEL = "-O";
				VALIDATE_PRODUCT = YES;
			};
			name = Release;
		};
		2B62831124ACC4FB000DD934 /* Debug */ = {
			isa = XCBuildConfiguration;
			buildSettings = {
				ASSETCATALOG_COMPILER_APPICON_NAME = AppIcon;
				CODE_SIGN_STYLE = Automatic;
				DEVELOPMENT_TEAM = UF7RF9KF4G;
				INFOPLIST_FILE = Davakeba52/Info.plist;
				LD_RUNPATH_SEARCH_PATHS = (
					"$(inherited)",
					"@executable_path/Frameworks",
				);
				PRODUCT_BUNDLE_IDENTIFIER = Homework.Davakeba52;
				PRODUCT_NAME = "$(TARGET_NAME)";
				SWIFT_VERSION = 5.0;
				TARGETED_DEVICE_FAMILY = "1,2";
			};
			name = Debug;
		};
		2B62831224ACC4FB000DD934 /* Release */ = {
			isa = XCBuildConfiguration;
			buildSettings = {
				ASSETCATALOG_COMPILER_APPICON_NAME = AppIcon;
				CODE_SIGN_STYLE = Automatic;
				DEVELOPMENT_TEAM = UF7RF9KF4G;
				INFOPLIST_FILE = Davakeba52/Info.plist;
				LD_RUNPATH_SEARCH_PATHS = (
					"$(inherited)",
					"@executable_path/Frameworks",
				);
				PRODUCT_BUNDLE_IDENTIFIER = Homework.Davakeba52;
				PRODUCT_NAME = "$(TARGET_NAME)";
				SWIFT_VERSION = 5.0;
				TARGETED_DEVICE_FAMILY = "1,2";
			};
			name = Release;
		};
/* End XCBuildConfiguration section */

/* Begin XCConfigurationList section */
		2B6282F424ACC4E6000DD934 /* Build configuration list for PBXProject "Davakeba52" */ = {
			isa = XCConfigurationList;
			buildConfigurations = (
				2B62830E24ACC4FB000DD934 /* Debug */,
				2B62830F24ACC4FB000DD934 /* Release */,
			);
			defaultConfigurationIsVisible = 0;
			defaultConfigurationName = Release;
		};
		2B62831024ACC4FB000DD934 /* Build configuration list for PBXNativeTarget "Davakeba52" */ = {
			isa = XCConfigurationList;
			buildConfigurations = (
				2B62831124ACC4FB000DD934 /* Debug */,
				2B62831224ACC4FB000DD934 /* Release */,
			);
			defaultConfigurationIsVisible = 0;
			defaultConfigurationName = Release;
		};
/* End XCConfigurationList section */

/* Begin XCVersionGroup section */
		2B62830524ACC4E7000DD934 /* Davakeba52.xcdatamodeld */ = {
			isa = XCVersionGroup;
			children = (
				2B62830624ACC4E7000DD934 /* Davakeba52.xcdatamodel */,
			);
			currentVersion = 2B62830624ACC4E7000DD934 /* Davakeba52.xcdatamodel */;
			path = Davakeba52.xcdatamodeld;
			sourceTree = "<group>";
			versionGroupType = wrapper.xcdatamodel;
		};
/* End XCVersionGroup section */
	};
	rootObject = 2B6282F124ACC4E6000DD934 /* Project object */;
}
