// !$*UTF8*$!
{
	archiveVersion = 1;
	classes = {
	};
	objectVersion = 50;
	objects = {

/* Begin PBXBuildFile section */
		0643685D246C6217001905A6 /* AppDelegate.swift in Sources */ = {isa = PBXBuildFile; fileRef = 0643685C246C6217001905A6 /* AppDelegate.swift */; };
		0643685F246C6217001905A6 /* SceneDelegate.swift in Sources */ = {isa = PBXBuildFile; fileRef = 0643685E246C6217001905A6 /* SceneDelegate.swift */; };
		06436861246C6217001905A6 /* ViewController.swift in Sources */ = {isa = PBXBuildFile; fileRef = 06436860246C6217001905A6 /* ViewController.swift */; };
		06436864246C6217001905A6 /* Main.storyboard in Resources */ = {isa = PBXBuildFile; fileRef = 06436862246C6217001905A6 /* Main.storyboard */; };
		06436867246C6217001905A6 /* Davaleba20v2.xcdatamodeld in Sources */ = {isa = PBXBuildFile; fileRef = 06436865246C6217001905A6 /* Davaleba20v2.xcdatamodeld */; };
		06436869246C6218001905A6 /* Assets.xcassets in Resources */ = {isa = PBXBuildFile; fileRef = 06436868246C6218001905A6 /* Assets.xcassets */; };
		0643686C246C6218001905A6 /* LaunchScreen.storyboard in Resources */ = {isa = PBXBuildFile; fileRef = 0643686A246C6218001905A6 /* LaunchScreen.storyboard */; };
		06436874246C653F001905A6 /* PodCastCell.swift in Sources */ = {isa = PBXBuildFile; fileRef = 06436873246C653F001905A6 /* PodCastCell.swift */; };
		06436876246C65AF001905A6 /* OpenCellViewController.swift in Sources */ = {isa = PBXBuildFile; fileRef = 06436875246C65AF001905A6 /* OpenCellViewController.swift */; };
		06436878246C65C7001905A6 /* FilterViewController.swift in Sources */ = {isa = PBXBuildFile; fileRef = 06436877246C65C7001905A6 /* FilterViewController.swift */; };
		0643687A246C65EF001905A6 /* AddPadCastViewController.swift in Sources */ = {isa = PBXBuildFile; fileRef = 06436879246C65EF001905A6 /* AddPadCastViewController.swift */; };
/* End PBXBuildFile section */

/* Begin PBXFileReference section */
		06436859246C6217001905A6 /* Davaleba20v2.app */ = {isa = PBXFileReference; explicitFileType = wrapper.application; includeInIndex = 0; path = Davaleba20v2.app; sourceTree = BUILT_PRODUCTS_DIR; };
		0643685C246C6217001905A6 /* AppDelegate.swift */ = {isa = PBXFileReference; lastKnownFileType = sourcecode.swift; path = AppDelegate.swift; sourceTree = "<group>"; };
		0643685E246C6217001905A6 /* SceneDelegate.swift */ = {isa = PBXFileReference; lastKnownFileType = sourcecode.swift; path = SceneDelegate.swift; sourceTree = "<group>"; };
		06436860246C6217001905A6 /* ViewController.swift */ = {isa = PBXFileReference; lastKnownFileType = sourcecode.swift; path = ViewController.swift; sourceTree = "<group>"; };
		06436863246C6217001905A6 /* Base */ = {isa = PBXFileReference; lastKnownFileType = file.storyboard; name = Base; path = Base.lproj/Main.storyboard; sourceTree = "<group>"; };
		06436866246C6217001905A6 /* Davaleba20v2.xcdatamodel */ = {isa = PBXFileReference; lastKnownFileType = wrapper.xcdatamodel; path = Davaleba20v2.xcdatamodel; sourceTree = "<group>"; };
		06436868246C6218001905A6 /* Assets.xcassets */ = {isa = PBXFileReference; lastKnownFileType = folder.assetcatalog; path = Assets.xcassets; sourceTree = "<group>"; };
		0643686B246C6218001905A6 /* Base */ = {isa = PBXFileReference; lastKnownFileType = file.storyboard; name = Base; path = Base.lproj/LaunchScreen.storyboard; sourceTree = "<group>"; };
		0643686D246C6218001905A6 /* Info.plist */ = {isa = PBXFileReference; lastKnownFileType = text.plist.xml; path = Info.plist; sourceTree = "<group>"; };
		06436873246C653F001905A6 /* PodCastCell.swift */ = {isa = PBXFileReference; lastKnownFileType = sourcecode.swift; path = PodCastCell.swift; sourceTree = "<group>"; };
		06436875246C65AF001905A6 /* OpenCellViewController.swift */ = {isa = PBXFileReference; lastKnownFileType = sourcecode.swift; path = OpenCellViewController.swift; sourceTree = "<group>"; };
		06436877246C65C7001905A6 /* FilterViewController.swift */ = {isa = PBXFileReference; lastKnownFileType = sourcecode.swift; path = FilterViewController.swift; sourceTree = "<group>"; };
		06436879246C65EF001905A6 /* AddPadCastViewController.swift */ = {isa = PBXFileReference; lastKnownFileType = sourcecode.swift; path = AddPadCastViewController.swift; sourceTree = "<group>"; };
/* End PBXFileReference section */

/* Begin PBXFrameworksBuildPhase section */
		06436856246C6217001905A6 /* Frameworks */ = {
			isa = PBXFrameworksBuildPhase;
			buildActionMask = 2147483647;
			files = (
			);
			runOnlyForDeploymentPostprocessing = 0;
		};
/* End PBXFrameworksBuildPhase section */

/* Begin PBXGroup section */
		06436850246C6217001905A6 = {
			isa = PBXGroup;
			children = (
				0643685B246C6217001905A6 /* Davaleba20v2 */,
				0643685A246C6217001905A6 /* Products */,
			);
			sourceTree = "<group>";
		};
		0643685A246C6217001905A6 /* Products */ = {
			isa = PBXGroup;
			children = (
				06436859246C6217001905A6 /* Davaleba20v2.app */,
			);
			name = Products;
			sourceTree = "<group>";
		};
		0643685B246C6217001905A6 /* Davaleba20v2 */ = {
			isa = PBXGroup;
			children = (
				0643685C246C6217001905A6 /* AppDelegate.swift */,
				0643685E246C6217001905A6 /* SceneDelegate.swift */,
				06436862246C6217001905A6 /* Main.storyboard */,
				06436868246C6218001905A6 /* Assets.xcassets */,
				0643686A246C6218001905A6 /* LaunchScreen.storyboard */,
				0643686D246C6218001905A6 /* Info.plist */,
				06436865246C6217001905A6 /* Davaleba20v2.xcdatamodeld */,
				06436860246C6217001905A6 /* ViewController.swift */,
				06436873246C653F001905A6 /* PodCastCell.swift */,
				06436875246C65AF001905A6 /* OpenCellViewController.swift */,
				06436877246C65C7001905A6 /* FilterViewController.swift */,
				06436879246C65EF001905A6 /* AddPadCastViewController.swift */,
			);
			path = Davaleba20v2;
			sourceTree = "<group>";
		};
/* End PBXGroup section */

/* Begin PBXNativeTarget section */
		06436858246C6217001905A6 /* Davaleba20v2 */ = {
			isa = PBXNativeTarget;
			buildConfigurationList = 06436870246C6218001905A6 /* Build configuration list for PBXNativeTarget "Davaleba20v2" */;
			buildPhases = (
				06436855246C6217001905A6 /* Sources */,
				06436856246C6217001905A6 /* Frameworks */,
				06436857246C6217001905A6 /* Resources */,
			);
			buildRules = (
			);
			dependencies = (
			);
			name = Davaleba20v2;
			productName = Davaleba20v2;
			productReference = 06436859246C6217001905A6 /* Davaleba20v2.app */;
			productType = "com.apple.product-type.application";
		};
/* End PBXNativeTarget section */

/* Begin PBXProject section */
		06436851246C6217001905A6 /* Project object */ = {
			isa = PBXProject;
			attributes = {
				LastSwiftUpdateCheck = 1140;
				LastUpgradeCheck = 1140;
				ORGANIZATIONNAME = homework;
				TargetAttributes = {
					06436858246C6217001905A6 = {
						CreatedOnToolsVersion = 11.4.1;
					};
				};
			};
			buildConfigurationList = 06436854246C6217001905A6 /* Build configuration list for PBXProject "Davaleba20v2" */;
			compatibilityVersion = "Xcode 9.3";
			developmentRegion = en;
			hasScannedForEncodings = 0;
			knownRegions = (
				en,
				Base,
			);
			mainGroup = 06436850246C6217001905A6;
			productRefGroup = 0643685A246C6217001905A6 /* Products */;
			projectDirPath = "";
			projectRoot = "";
			targets = (
				06436858246C6217001905A6 /* Davaleba20v2 */,
			);
		};
/* End PBXProject section */

/* Begin PBXResourcesBuildPhase section */
		06436857246C6217001905A6 /* Resources */ = {
			isa = PBXResourcesBuildPhase;
			buildActionMask = 2147483647;
			files = (
				0643686C246C6218001905A6 /* LaunchScreen.storyboard in Resources */,
				06436869246C6218001905A6 /* Assets.xcassets in Resources */,
				06436864246C6217001905A6 /* Main.storyboard in Resources */,
			);
			runOnlyForDeploymentPostprocessing = 0;
		};
/* End PBXResourcesBuildPhase section */

/* Begin PBXSourcesBuildPhase section */
		06436855246C6217001905A6 /* Sources */ = {
			isa = PBXSourcesBuildPhase;
			buildActionMask = 2147483647;
			files = (
				06436878246C65C7001905A6 /* FilterViewController.swift in Sources */,
				0643687A246C65EF001905A6 /* AddPadCastViewController.swift in Sources */,
				06436861246C6217001905A6 /* ViewController.swift in Sources */,
				0643685D246C6217001905A6 /* AppDelegate.swift in Sources */,
				06436874246C653F001905A6 /* PodCastCell.swift in Sources */,
				0643685F246C6217001905A6 /* SceneDelegate.swift in Sources */,
				06436876246C65AF001905A6 /* OpenCellViewController.swift in Sources */,
				06436867246C6217001905A6 /* Davaleba20v2.xcdatamodeld in Sources */,
			);
			runOnlyForDeploymentPostprocessing = 0;
		};
/* End PBXSourcesBuildPhase section */

/* Begin PBXVariantGroup section */
		06436862246C6217001905A6 /* Main.storyboard */ = {
			isa = PBXVariantGroup;
			children = (
				06436863246C6217001905A6 /* Base */,
			);
			name = Main.storyboard;
			sourceTree = "<group>";
		};
		0643686A246C6218001905A6 /* LaunchScreen.storyboard */ = {
			isa = PBXVariantGroup;
			children = (
				0643686B246C6218001905A6 /* Base */,
			);
			name = LaunchScreen.storyboard;
			sourceTree = "<group>";
		};
/* End PBXVariantGroup section */

/* Begin XCBuildConfiguration section */
		0643686E246C6218001905A6 /* Debug */ = {
			isa = XCBuildConfiguration;
			buildSettings = {
				ALWAYS_SEARCH_USER_PATHS = NO;
				CLANG_ANALYZER_NONNULL = YES;
				CLANG_ANALYZER_NUMBER_OBJECT_CONVERSION = YES_AGGRESSIVE;
				CLANG_CXX_LANGUAGE_STANDARD = "gnu++14";
				CLANG_CXX_LIBRARY = "libc++";
				CLANG_ENABLE_MODULES = YES;
				CLANG_ENABLE_OBJC_ARC = YES;
				CLANG_ENABLE_OBJC_WEAK = YES;
				CLANG_WARN_BLOCK_CAPTURE_AUTORELEASING = YES;
				CLANG_WARN_BOOL_CONVERSION = YES;
				CLANG_WARN_COMMA = YES;
				CLANG_WARN_CONSTANT_CONVERSION = YES;
				CLANG_WARN_DEPRECATED_OBJC_IMPLEMENTATIONS = YES;
				CLANG_WARN_DIRECT_OBJC_ISA_USAGE = YES_ERROR;
				CLANG_WARN_DOCUMENTATION_COMMENTS = YES;
				CLANG_WARN_EMPTY_BODY = YES;
				CLANG_WARN_ENUM_CONVERSION = YES;
				CLANG_WARN_INFINITE_RECURSION = YES;
				CLANG_WARN_INT_CONVERSION = YES;
				CLANG_WARN_NON_LITERAL_NULL_CONVERSION = YES;
				CLANG_WARN_OBJC_IMPLICIT_RETAIN_SELF = YES;
				CLANG_WARN_OBJC_LITERAL_CONVERSION = YES;
				CLANG_WARN_OBJC_ROOT_CLASS = YES_ERROR;
				CLANG_WARN_RANGE_LOOP_ANALYSIS = YES;
				CLANG_WARN_STRICT_PROTOTYPES = YES;
				CLANG_WARN_SUSPICIOUS_MOVE = YES;
				CLANG_WARN_UNGUARDED_AVAILABILITY = YES_AGGRESSIVE;
				CLANG_WARN_UNREACHABLE_CODE = YES;
				CLANG_WARN__DUPLICATE_METHOD_MATCH = YES;
				COPY_PHASE_STRIP = NO;
				DEBUG_INFORMATION_FORMAT = dwarf;
				ENABLE_STRICT_OBJC_MSGSEND = YES;
				ENABLE_TESTABILITY = YES;
				GCC_C_LANGUAGE_STANDARD = gnu11;
				GCC_DYNAMIC_NO_PIC = NO;
				GCC_NO_COMMON_BLOCKS = YES;
				GCC_OPTIMIZATION_LEVEL = 0;
				GCC_PREPROCESSOR_DEFINITIONS = (
					"DEBUG=1",
					"$(inherited)",
				);
				GCC_WARN_64_TO_32_BIT_CONVERSION = YES;
				GCC_WARN_ABOUT_RETURN_TYPE = YES_ERROR;
				GCC_WARN_UNDECLARED_SELECTOR = YES;
				GCC_WARN_UNINITIALIZED_AUTOS = YES_AGGRESSIVE;
				GCC_WARN_UNUSED_FUNCTION = YES;
				GCC_WARN_UNUSED_VARIABLE = YES;
				IPHONEOS_DEPLOYMENT_TARGET = 13.4;
				MTL_ENABLE_DEBUG_INFO = INCLUDE_SOURCE;
				MTL_FAST_MATH = YES;
				ONLY_ACTIVE_ARCH = YES;
				SDKROOT = iphoneos;
				SWIFT_ACTIVE_COMPILATION_CONDITIONS = DEBUG;
				SWIFT_OPTIMIZATION_LEVEL = "-Onone";
			};
			name = Debug;
		};
		0643686F246C6218001905A6 /* Release */ = {
			isa = XCBuildConfiguration;
			buildSettings = {
				ALWAYS_SEARCH_USER_PATHS = NO;
				CLANG_ANALYZER_NONNULL = YES;
				CLANG_ANALYZER_NUMBER_OBJECT_CONVERSION = YES_AGGRESSIVE;
				CLANG_CXX_LANGUAGE_STANDARD = "gnu++14";
				CLANG_CXX_LIBRARY = "libc++";
				CLANG_ENABLE_MODULES = YES;
				CLANG_ENABLE_OBJC_ARC = YES;
				CLANG_ENABLE_OBJC_WEAK = YES;
				CLANG_WARN_BLOCK_CAPTURE_AUTORELEASING = YES;
				CLANG_WARN_BOOL_CONVERSION = YES;
				CLANG_WARN_COMMA = YES;
				CLANG_WARN_CONSTANT_CONVERSION = YES;
				CLANG_WARN_DEPRECATED_OBJC_IMPLEMENTATIONS = YES;
				CLANG_WARN_DIRECT_OBJC_ISA_USAGE = YES_ERROR;
				CLANG_WARN_DOCUMENTATION_COMMENTS = YES;
				CLANG_WARN_EMPTY_BODY = YES;
				CLANG_WARN_ENUM_CONVERSION = YES;
				CLANG_WARN_INFINITE_RECURSION = YES;
				CLANG_WARN_INT_CONVERSION = YES;
				CLANG_WARN_NON_LITERAL_NULL_CONVERSION = YES;
				CLANG_WARN_OBJC_IMPLICIT_RETAIN_SELF = YES;
				CLANG_WARN_OBJC_LITERAL_CONVERSION = YES;
				CLANG_WARN_OBJC_ROOT_CLASS = YES_ERROR;
				CLANG_WARN_RANGE_LOOP_ANALYSIS = YES;
				CLANG_WARN_STRICT_PROTOTYPES = YES;
				CLANG_WARN_SUSPICIOUS_MOVE = YES;
				CLANG_WARN_UNGUARDED_AVAILABILITY = YES_AGGRESSIVE;
				CLANG_WARN_UNREACHABLE_CODE = YES;
				CLANG_WARN__DUPLICATE_METHOD_MATCH = YES;
				COPY_PHASE_STRIP = NO;
				DEBUG_INFORMATION_FORMAT = "dwarf-with-dsym";
				ENABLE_NS_ASSERTIONS = NO;
				ENABLE_STRICT_OBJC_MSGSEND = YES;
				GCC_C_LANGUAGE_STANDARD = gnu11;
				GCC_NO_COMMON_BLOCKS = YES;
				GCC_WARN_64_TO_32_BIT_CONVERSION = YES;
				GCC_WARN_ABOUT_RETURN_TYPE = YES_ERROR;
				GCC_WARN_UNDECLARED_SELECTOR = YES;
				GCC_WARN_UNINITIALIZED_AUTOS = YES_AGGRESSIVE;
				GCC_WARN_UNUSED_FUNCTION = YES;
				GCC_WARN_UNUSED_VARIABLE = YES;
				IPHONEOS_DEPLOYMENT_TARGET = 13.4;
				MTL_ENABLE_DEBUG_INFO = NO;
				MTL_FAST_MATH = YES;
				SDKROOT = iphoneos;
				SWIFT_COMPILATION_MODE = wholemodule;
				SWIFT_OPTIMIZATION_LEVEL = "-O";
				VALIDATE_PRODUCT = YES;
			};
			name = Release;
		};
		06436871246C6218001905A6 /* Debug */ = {
			isa = XCBuildConfiguration;
			buildSettings = {
				ASSETCATALOG_COMPILER_APPICON_NAME = AppIcon;
				CODE_SIGN_STYLE = Automatic;
				DEVELOPMENT_TEAM = UF7RF9KF4G;
				INFOPLIST_FILE = Davaleba20v2/Info.plist;
				LD_RUNPATH_SEARCH_PATHS = (
					"$(inherited)",
					"@executable_path/Frameworks",
				);
				PRODUCT_BUNDLE_IDENTIFIER = Home.Davaleba20v2;
				PRODUCT_NAME = "$(TARGET_NAME)";
				SWIFT_VERSION = 5.0;
				TARGETED_DEVICE_FAMILY = "1,2";
			};
			name = Debug;
		};
		06436872246C6218001905A6 /* Release */ = {
			isa = XCBuildConfiguration;
			buildSettings = {
				ASSETCATALOG_COMPILER_APPICON_NAME = AppIcon;
				CODE_SIGN_STYLE = Automatic;
				DEVELOPMENT_TEAM = UF7RF9KF4G;
				INFOPLIST_FILE = Davaleba20v2/Info.plist;
				LD_RUNPATH_SEARCH_PATHS = (
					"$(inherited)",
					"@executable_path/Frameworks",
				);
				PRODUCT_BUNDLE_IDENTIFIER = Home.Davaleba20v2;
				PRODUCT_NAME = "$(TARGET_NAME)";
				SWIFT_VERSION = 5.0;
				TARGETED_DEVICE_FAMILY = "1,2";
			};
			name = Release;
		};
/* End XCBuildConfiguration section */

/* Begin XCConfigurationList section */
		06436854246C6217001905A6 /* Build configuration list for PBXProject "Davaleba20v2" */ = {
			isa = XCConfigurationList;
			buildConfigurations = (
				0643686E246C6218001905A6 /* Debug */,
				0643686F246C6218001905A6 /* Release */,
			);
			defaultConfigurationIsVisible = 0;
			defaultConfigurationName = Release;
		};
		06436870246C6218001905A6 /* Build configuration list for PBXNativeTarget "Davaleba20v2" */ = {
			isa = XCConfigurationList;
			buildConfigurations = (
				06436871246C6218001905A6 /* Debug */,
				06436872246C6218001905A6 /* Release */,
			);
			defaultConfigurationIsVisible = 0;
			defaultConfigurationName = Release;
		};
/* End XCConfigurationList section */

/* Begin XCVersionGroup section */
		06436865246C6217001905A6 /* Davaleba20v2.xcdatamodeld */ = {
			isa = XCVersionGroup;
			children = (
				06436866246C6217001905A6 /* Davaleba20v2.xcdatamodel */,
			);
			currentVersion = 06436866246C6217001905A6 /* Davaleba20v2.xcdatamodel */;
			path = Davaleba20v2.xcdatamodeld;
			sourceTree = "<group>";
			versionGroupType = wrapper.xcdatamodel;
		};
/* End XCVersionGroup section */
	};
	rootObject = 06436851246C6217001905A6 /* Project object */;
}
