// !$*UTF8*$!
{
	archiveVersion = 1;
	classes = {
	};
	objectVersion = 50;
	objects = {

/* Begin PBXBuildFile section */
		06AE2B482462ECC30026BBD3 /* AppDelegate.swift in Sources */ = {isa = PBXBuildFile; fileRef = 06AE2B472462ECC30026BBD3 /* AppDelegate.swift */; };
		06AE2B4A2462ECC30026BBD3 /* SceneDelegate.swift in Sources */ = {isa = PBXBuildFile; fileRef = 06AE2B492462ECC30026BBD3 /* SceneDelegate.swift */; };
		06AE2B4C2462ECC30026BBD3 /* ViewController.swift in Sources */ = {isa = PBXBuildFile; fileRef = 06AE2B4B2462ECC30026BBD3 /* ViewController.swift */; };
		06AE2B4F2462ECC30026BBD3 /* Main.storyboard in Resources */ = {isa = PBXBuildFile; fileRef = 06AE2B4D2462ECC30026BBD3 /* Main.storyboard */; };
		06AE2B512462ECC60026BBD3 /* Assets.xcassets in Resources */ = {isa = PBXBuildFile; fileRef = 06AE2B502462ECC60026BBD3 /* Assets.xcassets */; };
		06AE2B542462ECC60026BBD3 /* LaunchScreen.storyboard in Resources */ = {isa = PBXBuildFile; fileRef = 06AE2B522462ECC60026BBD3 /* LaunchScreen.storyboard */; };
		06AE2B5C2462F0AB0026BBD3 /* register.swift in Sources */ = {isa = PBXBuildFile; fileRef = 06AE2B5B2462F0AB0026BBD3 /* register.swift */; };
		06AE2B5E2462F0CC0026BBD3 /* profile.swift in Sources */ = {isa = PBXBuildFile; fileRef = 06AE2B5D2462F0CC0026BBD3 /* profile.swift */; };
		06AE2B602462F7D50026BBD3 /* ThisIsUserDefaults.swift in Sources */ = {isa = PBXBuildFile; fileRef = 06AE2B5F2462F7D50026BBD3 /* ThisIsUserDefaults.swift */; };
/* End PBXBuildFile section */

/* Begin PBXFileReference section */
		06AE2B442462ECC30026BBD3 /* Davaleba login+register+profile.app */ = {isa = PBXFileReference; explicitFileType = wrapper.application; includeInIndex = 0; path = "Davaleba login+register+profile.app"; sourceTree = BUILT_PRODUCTS_DIR; };
		06AE2B472462ECC30026BBD3 /* AppDelegate.swift */ = {isa = PBXFileReference; lastKnownFileType = sourcecode.swift; path = AppDelegate.swift; sourceTree = "<group>"; };
		06AE2B492462ECC30026BBD3 /* SceneDelegate.swift */ = {isa = PBXFileReference; lastKnownFileType = sourcecode.swift; path = SceneDelegate.swift; sourceTree = "<group>"; };
		06AE2B4B2462ECC30026BBD3 /* ViewController.swift */ = {isa = PBXFileReference; lastKnownFileType = sourcecode.swift; path = ViewController.swift; sourceTree = "<group>"; };
		06AE2B4E2462ECC30026BBD3 /* Base */ = {isa = PBXFileReference; lastKnownFileType = file.storyboard; name = Base; path = Base.lproj/Main.storyboard; sourceTree = "<group>"; };
		06AE2B502462ECC60026BBD3 /* Assets.xcassets */ = {isa = PBXFileReference; lastKnownFileType = folder.assetcatalog; path = Assets.xcassets; sourceTree = "<group>"; };
		06AE2B532462ECC60026BBD3 /* Base */ = {isa = PBXFileReference; lastKnownFileType = file.storyboard; name = Base; path = Base.lproj/LaunchScreen.storyboard; sourceTree = "<group>"; };
		06AE2B552462ECC60026BBD3 /* Info.plist */ = {isa = PBXFileReference; lastKnownFileType = text.plist.xml; path = Info.plist; sourceTree = "<group>"; };
		06AE2B5B2462F0AB0026BBD3 /* register.swift */ = {isa = PBXFileReference; lastKnownFileType = sourcecode.swift; path = register.swift; sourceTree = "<group>"; };
		06AE2B5D2462F0CC0026BBD3 /* profile.swift */ = {isa = PBXFileReference; lastKnownFileType = sourcecode.swift; path = profile.swift; sourceTree = "<group>"; };
		06AE2B5F2462F7D50026BBD3 /* ThisIsUserDefaults.swift */ = {isa = PBXFileReference; lastKnownFileType = sourcecode.swift; path = ThisIsUserDefaults.swift; sourceTree = "<group>"; };
/* End PBXFileReference section */

/* Begin PBXFrameworksBuildPhase section */
		06AE2B412462ECC30026BBD3 /* Frameworks */ = {
			isa = PBXFrameworksBuildPhase;
			buildActionMask = 2147483647;
			files = (
			);
			runOnlyForDeploymentPostprocessing = 0;
		};
/* End PBXFrameworksBuildPhase section */

/* Begin PBXGroup section */
		06AE2B3B2462ECC30026BBD3 = {
			isa = PBXGroup;
			children = (
				06AE2B462462ECC30026BBD3 /* Davaleba login+register+profile */,
				06AE2B452462ECC30026BBD3 /* Products */,
			);
			sourceTree = "<group>";
		};
		06AE2B452462ECC30026BBD3 /* Products */ = {
			isa = PBXGroup;
			children = (
				06AE2B442462ECC30026BBD3 /* Davaleba login+register+profile.app */,
			);
			name = Products;
			sourceTree = "<group>";
		};
		06AE2B462462ECC30026BBD3 /* Davaleba login+register+profile */ = {
			isa = PBXGroup;
			children = (
				06AE2B472462ECC30026BBD3 /* AppDelegate.swift */,
				06AE2B492462ECC30026BBD3 /* SceneDelegate.swift */,
				06AE2B4B2462ECC30026BBD3 /* ViewController.swift */,
				06AE2B4D2462ECC30026BBD3 /* Main.storyboard */,
				06AE2B502462ECC60026BBD3 /* Assets.xcassets */,
				06AE2B522462ECC60026BBD3 /* LaunchScreen.storyboard */,
				06AE2B552462ECC60026BBD3 /* Info.plist */,
				06AE2B5B2462F0AB0026BBD3 /* register.swift */,
				06AE2B5D2462F0CC0026BBD3 /* profile.swift */,
				06AE2B5F2462F7D50026BBD3 /* ThisIsUserDefaults.swift */,
			);
			path = "Davaleba login+register+profile";
			sourceTree = "<group>";
		};
/* End PBXGroup section */

/* Begin PBXNativeTarget section */
		06AE2B432462ECC30026BBD3 /* Davaleba login+register+profile */ = {
			isa = PBXNativeTarget;
			buildConfigurationList = 06AE2B582462ECC60026BBD3 /* Build configuration list for PBXNativeTarget "Davaleba login+register+profile" */;
			buildPhases = (
				06AE2B402462ECC30026BBD3 /* Sources */,
				06AE2B412462ECC30026BBD3 /* Frameworks */,
				06AE2B422462ECC30026BBD3 /* Resources */,
			);
			buildRules = (
			);
			dependencies = (
			);
			name = "Davaleba login+register+profile";
			productName = "Davaleba login+register+profile";
			productReference = 06AE2B442462ECC30026BBD3 /* Davaleba login+register+profile.app */;
			productType = "com.apple.product-type.application";
		};
/* End PBXNativeTarget section */

/* Begin PBXProject section */
		06AE2B3C2462ECC30026BBD3 /* Project object */ = {
			isa = PBXProject;
			attributes = {
				LastSwiftUpdateCheck = 1140;
				LastUpgradeCheck = 1140;
				ORGANIZATIONNAME = homework;
				TargetAttributes = {
					06AE2B432462ECC30026BBD3 = {
						CreatedOnToolsVersion = 11.4.1;
					};
				};
			};
			buildConfigurationList = 06AE2B3F2462ECC30026BBD3 /* Build configuration list for PBXProject "Davaleba login+register+profile" */;
			compatibilityVersion = "Xcode 9.3";
			developmentRegion = en;
			hasScannedForEncodings = 0;
			knownRegions = (
				en,
				Base,
			);
			mainGroup = 06AE2B3B2462ECC30026BBD3;
			productRefGroup = 06AE2B452462ECC30026BBD3 /* Products */;
			projectDirPath = "";
			projectRoot = "";
			targets = (
				06AE2B432462ECC30026BBD3 /* Davaleba login+register+profile */,
			);
		};
/* End PBXProject section */

/* Begin PBXResourcesBuildPhase section */
		06AE2B422462ECC30026BBD3 /* Resources */ = {
			isa = PBXResourcesBuildPhase;
			buildActionMask = 2147483647;
			files = (
				06AE2B542462ECC60026BBD3 /* LaunchScreen.storyboard in Resources */,
				06AE2B512462ECC60026BBD3 /* Assets.xcassets in Resources */,
				06AE2B4F2462ECC30026BBD3 /* Main.storyboard in Resources */,
			);
			runOnlyForDeploymentPostprocessing = 0;
		};
/* End PBXResourcesBuildPhase section */

/* Begin PBXSourcesBuildPhase section */
		06AE2B402462ECC30026BBD3 /* Sources */ = {
			isa = PBXSourcesBuildPhase;
			buildActionMask = 2147483647;
			files = (
				06AE2B4C2462ECC30026BBD3 /* ViewController.swift in Sources */,
				06AE2B482462ECC30026BBD3 /* AppDelegate.swift in Sources */,
				06AE2B5C2462F0AB0026BBD3 /* register.swift in Sources */,
				06AE2B5E2462F0CC0026BBD3 /* profile.swift in Sources */,
				06AE2B602462F7D50026BBD3 /* ThisIsUserDefaults.swift in Sources */,
				06AE2B4A2462ECC30026BBD3 /* SceneDelegate.swift in Sources */,
			);
			runOnlyForDeploymentPostprocessing = 0;
		};
/* End PBXSourcesBuildPhase section */

/* Begin PBXVariantGroup section */
		06AE2B4D2462ECC30026BBD3 /* Main.storyboard */ = {
			isa = PBXVariantGroup;
			children = (
				06AE2B4E2462ECC30026BBD3 /* Base */,
			);
			name = Main.storyboard;
			sourceTree = "<group>";
		};
		06AE2B522462ECC60026BBD3 /* LaunchScreen.storyboard */ = {
			isa = PBXVariantGroup;
			children = (
				06AE2B532462ECC60026BBD3 /* Base */,
			);
			name = LaunchScreen.storyboard;
			sourceTree = "<group>";
		};
/* End PBXVariantGroup section */

/* Begin XCBuildConfiguration section */
		06AE2B562462ECC60026BBD3 /* Debug */ = {
			isa = XCBuildConfiguration;
			buildSettings = {
				ALWAYS_SEARCH_USER_PATHS = NO;
				CLANG_ANALYZER_NONNULL = YES;
				CLANG_ANALYZER_NUMBER_OBJECT_CONVERSION = YES_AGGRESSIVE;
				CLANG_CXX_LANGUAGE_STANDARD = "gnu++14";
				CLANG_CXX_LIBRARY = "libc++";
				CLANG_ENABLE_MODULES = YES;
				CLANG_ENABLE_OBJC_ARC = YES;
				CLANG_ENABLE_OBJC_WEAK = YES;
				CLANG_WARN_BLOCK_CAPTURE_AUTORELEASING = YES;
				CLANG_WARN_BOOL_CONVERSION = YES;
				CLANG_WARN_COMMA = YES;
				CLANG_WARN_CONSTANT_CONVERSION = YES;
				CLANG_WARN_DEPRECATED_OBJC_IMPLEMENTATIONS = YES;
				CLANG_WARN_DIRECT_OBJC_ISA_USAGE = YES_ERROR;
				CLANG_WARN_DOCUMENTATION_COMMENTS = YES;
				CLANG_WARN_EMPTY_BODY = YES;
				CLANG_WARN_ENUM_CONVERSION = YES;
				CLANG_WARN_INFINITE_RECURSION = YES;
				CLANG_WARN_INT_CONVERSION = YES;
				CLANG_WARN_NON_LITERAL_NULL_CONVERSION = YES;
				CLANG_WARN_OBJC_IMPLICIT_RETAIN_SELF = YES;
				CLANG_WARN_OBJC_LITERAL_CONVERSION = YES;
				CLANG_WARN_OBJC_ROOT_CLASS = YES_ERROR;
				CLANG_WARN_RANGE_LOOP_ANALYSIS = YES;
				CLANG_WARN_STRICT_PROTOTYPES = YES;
				CLANG_WARN_SUSPICIOUS_MOVE = YES;
				CLANG_WARN_UNGUARDED_AVAILABILITY = YES_AGGRESSIVE;
				CLANG_WARN_UNREACHABLE_CODE = YES;
				CLANG_WARN__DUPLICATE_METHOD_MATCH = YES;
				COPY_PHASE_STRIP = NO;
				DEBUG_INFORMATION_FORMAT = dwarf;
				ENABLE_STRICT_OBJC_MSGSEND = YES;
				ENABLE_TESTABILITY = YES;
				GCC_C_LANGUAGE_STANDARD = gnu11;
				GCC_DYNAMIC_NO_PIC = NO;
				GCC_NO_COMMON_BLOCKS = YES;
				GCC_OPTIMIZATION_LEVEL = 0;
				GCC_PREPROCESSOR_DEFINITIONS = (
					"DEBUG=1",
					"$(inherited)",
				);
				GCC_WARN_64_TO_32_BIT_CONVERSION = YES;
				GCC_WARN_ABOUT_RETURN_TYPE = YES_ERROR;
				GCC_WARN_UNDECLARED_SELECTOR = YES;
				GCC_WARN_UNINITIALIZED_AUTOS = YES_AGGRESSIVE;
				GCC_WARN_UNUSED_FUNCTION = YES;
				GCC_WARN_UNUSED_VARIABLE = YES;
				IPHONEOS_DEPLOYMENT_TARGET = 13.4;
				MTL_ENABLE_DEBUG_INFO = INCLUDE_SOURCE;
				MTL_FAST_MATH = YES;
				ONLY_ACTIVE_ARCH = YES;
				SDKROOT = iphoneos;
				SWIFT_ACTIVE_COMPILATION_CONDITIONS = DEBUG;
				SWIFT_OPTIMIZATION_LEVEL = "-Onone";
			};
			name = Debug;
		};
		06AE2B572462ECC60026BBD3 /* Release */ = {
			isa = XCBuildConfiguration;
			buildSettings = {
				ALWAYS_SEARCH_USER_PATHS = NO;
				CLANG_ANALYZER_NONNULL = YES;
				CLANG_ANALYZER_NUMBER_OBJECT_CONVERSION = YES_AGGRESSIVE;
				CLANG_CXX_LANGUAGE_STANDARD = "gnu++14";
				CLANG_CXX_LIBRARY = "libc++";
				CLANG_ENABLE_MODULES = YES;
				CLANG_ENABLE_OBJC_ARC = YES;
				CLANG_ENABLE_OBJC_WEAK = YES;
				CLANG_WARN_BLOCK_CAPTURE_AUTORELEASING = YES;
				CLANG_WARN_BOOL_CONVERSION = YES;
				CLANG_WARN_COMMA = YES;
				CLANG_WARN_CONSTANT_CONVERSION = YES;
				CLANG_WARN_DEPRECATED_OBJC_IMPLEMENTATIONS = YES;
				CLANG_WARN_DIRECT_OBJC_ISA_USAGE = YES_ERROR;
				CLANG_WARN_DOCUMENTATION_COMMENTS = YES;
				CLANG_WARN_EMPTY_BODY = YES;
				CLANG_WARN_ENUM_CONVERSION = YES;
				CLANG_WARN_INFINITE_RECURSION = YES;
				CLANG_WARN_INT_CONVERSION = YES;
				CLANG_WARN_NON_LITERAL_NULL_CONVERSION = YES;
				CLANG_WARN_OBJC_IMPLICIT_RETAIN_SELF = YES;
				CLANG_WARN_OBJC_LITERAL_CONVERSION = YES;
				CLANG_WARN_OBJC_ROOT_CLASS = YES_ERROR;
				CLANG_WARN_RANGE_LOOP_ANALYSIS = YES;
				CLANG_WARN_STRICT_PROTOTYPES = YES;
				CLANG_WARN_SUSPICIOUS_MOVE = YES;
				CLANG_WARN_UNGUARDED_AVAILABILITY = YES_AGGRESSIVE;
				CLANG_WARN_UNREACHABLE_CODE = YES;
				CLANG_WARN__DUPLICATE_METHOD_MATCH = YES;
				COPY_PHASE_STRIP = NO;
				DEBUG_INFORMATION_FORMAT = "dwarf-with-dsym";
				ENABLE_NS_ASSERTIONS = NO;
				ENABLE_STRICT_OBJC_MSGSEND = YES;
				GCC_C_LANGUAGE_STANDARD = gnu11;
				GCC_NO_COMMON_BLOCKS = YES;
				GCC_WARN_64_TO_32_BIT_CONVERSION = YES;
				GCC_WARN_ABOUT_RETURN_TYPE = YES_ERROR;
				GCC_WARN_UNDECLARED_SELECTOR = YES;
				GCC_WARN_UNINITIALIZED_AUTOS = YES_AGGRESSIVE;
				GCC_WARN_UNUSED_FUNCTION = YES;
				GCC_WARN_UNUSED_VARIABLE = YES;
				IPHONEOS_DEPLOYMENT_TARGET = 13.4;
				MTL_ENABLE_DEBUG_INFO = NO;
				MTL_FAST_MATH = YES;
				SDKROOT = iphoneos;
				SWIFT_COMPILATION_MODE = wholemodule;
				SWIFT_OPTIMIZATION_LEVEL = "-O";
				VALIDATE_PRODUCT = YES;
			};
			name = Release;
		};
		06AE2B592462ECC60026BBD3 /* Debug */ = {
			isa = XCBuildConfiguration;
			buildSettings = {
				ASSETCATALOG_COMPILER_APPICON_NAME = AppIcon;
				CODE_SIGN_STYLE = Automatic;
				DEVELOPMENT_TEAM = UF7RF9KF4G;
				INFOPLIST_FILE = "Davaleba login+register+profile/Info.plist";
				LD_RUNPATH_SEARCH_PATHS = (
					"$(inherited)",
					"@executable_path/Frameworks",
				);
				PRODUCT_BUNDLE_IDENTIFIER = "Home.Davaleba-login-register-profile";
				PRODUCT_NAME = "$(TARGET_NAME)";
				SWIFT_VERSION = 5.0;
				TARGETED_DEVICE_FAMILY = "1,2";
			};
			name = Debug;
		};
		06AE2B5A2462ECC60026BBD3 /* Release */ = {
			isa = XCBuildConfiguration;
			buildSettings = {
				ASSETCATALOG_COMPILER_APPICON_NAME = AppIcon;
				CODE_SIGN_STYLE = Automatic;
				DEVELOPMENT_TEAM = UF7RF9KF4G;
				INFOPLIST_FILE = "Davaleba login+register+profile/Info.plist";
				LD_RUNPATH_SEARCH_PATHS = (
					"$(inherited)",
					"@executable_path/Frameworks",
				);
				PRODUCT_BUNDLE_IDENTIFIER = "Home.Davaleba-login-register-profile";
				PRODUCT_NAME = "$(TARGET_NAME)";
				SWIFT_VERSION = 5.0;
				TARGETED_DEVICE_FAMILY = "1,2";
			};
			name = Release;
		};
/* End XCBuildConfiguration section */

/* Begin XCConfigurationList section */
		06AE2B3F2462ECC30026BBD3 /* Build configuration list for PBXProject "Davaleba login+register+profile" */ = {
			isa = XCConfigurationList;
			buildConfigurations = (
				06AE2B562462ECC60026BBD3 /* Debug */,
				06AE2B572462ECC60026BBD3 /* Release */,
			);
			defaultConfigurationIsVisible = 0;
			defaultConfigurationName = Release;
		};
		06AE2B582462ECC60026BBD3 /* Build configuration list for PBXNativeTarget "Davaleba login+register+profile" */ = {
			isa = XCConfigurationList;
			buildConfigurations = (
				06AE2B592462ECC60026BBD3 /* Debug */,
				06AE2B5A2462ECC60026BBD3 /* Release */,
			);
			defaultConfigurationIsVisible = 0;
			defaultConfigurationName = Release;
		};
/* End XCConfigurationList section */
	};
	rootObject = 06AE2B3C2462ECC30026BBD3 /* Project object */;
}
